{
  "version": "5",
  "specifiers": {
    "jsr:@std/assert@1": "1.0.19",
    "jsr:@std/internal@^1.0.12": "1.0.14",
    "jsr:@supabase/supabase-js@2": "2.117.0",
    "npm:@supabase/auth-js@2.117.0": "2.117.0",
    "npm:@supabase/functions-js@2.117.0": "2.117.0",
    "npm:@supabase/postgrest-js@2.117.0": "2.117.0",
    "npm:@supabase/realtime-js@2.117.0": "2.117.0",
    "npm:@supabase/storage-js@2.117.0": "2.117.0"
  },
  "jsr": {
    "@std/assert@1.0.19": {
      "integrity": "eaada96ee120cb980bc47e040f82814d786fe8162ecc53c91d8df60b8755991e",
      "dependencies": [
        "jsr:@std/internal"
      ]
    },
    "@std/internal@1.0.14": {
      "integrity": "291516b3d4c35024d6ffbc0a9df5bf4c64116e05b50012cf846710152d2ffdf7"
    },
    "@supabase/supabase-js@2.117.0": {
      "integrity": "5c8e7f52d377ec15bdeb0785ae3b93221d84b2811c6ab48fc3ce1879d3a95281",
      "dependencies": [
        "npm:@supabase/auth-js",
        "npm:@supabase/functions-js",
        "npm:@supabase/postgrest-js",
        "npm:@supabase/realtime-js",
        "npm:@supabase/storage-js"
      ]
    }
  },
  "npm": {
    "@supabase/auth-js@2.117.0": {
      "integrity": "sha512-mmKfXHkZ+93fJ57yxMnJ+h+psiHIEBLzqZNgNu7yE7/kNxAKXkKxz/BZO/Ht0NJiMztFICvA+7xOLbIrK723qQ==",
      "dependencies": [
        "tslib"
      ]
    },
    "@supabase/functions-js@2.117.0": {
      "integrity": "sha512-RC3kdN0DZS8gyLsTDhWCc6xg5FKAyMNz/xt5KD7PSC+PB/7/NhFPo6YrMZu+3xsQMFdOWuVaBlHYdPwdmhqx/w==",
      "dependencies": [
        "tslib"
      ]
    },
    "@supabase/phoenix@0.4.5": {
      "integrity": "sha512-aAn9H9ovVyeApKy11OWOrrOGq8DV68yWeH4ud2lN9fzn4aO8Zb5GLL9m1pUg9nLqIcT+ZDfAcsZe0E/nqdv2lw=="
    },
    "@supabase/postgrest-js@2.117.0": {
      "integrity": "sha512-KG2+dYIkTzOjR8f0Xza3uXzKB6bHQOIjMTJhHuNNSUK0C6zdtd4A8LBjxpPB9R5I95xuN1CCdlIEJTkZ5g8LBA==",
      "dependencies": [
        "tslib"
      ]
    },
    "@supabase/realtime-js@2.117.0": {
      "integrity": "sha512-E+hovHDWTpoOQHCMWdOwahvJmD7M/Vgj8cQTwLMPlEFvTO7wV8zBhrM9iUnKReurpGpl9u6MGbbjBeQJTEE1Kg==",
      "dependencies": [
        "@supabase/phoenix",
        "tslib"
      ]
    },
    "@supabase/storage-js@2.117.0": {
      "integrity": "sha512-jFn8MTRKhUls5yzfYogPqItNH0jwzlLvdhAO2nBKRMzQuvI9BgNM2BabcGSxcDAcyEACGEjeIBXjxRfIb8OI5Q==",
      "dependencies": [
        "iceberg-js",
        "tslib"
      ]
    },
    "iceberg-js@0.8.1": {
      "integrity": "sha512-1dhVQZXhcHje7798IVM+xoo/1ZdVfzOMIc8/rgVSijRK38EDqOJoGula9N/8ZI5RD8QTxNQtK/Gozpr+qUqRRA=="
    },
    "tslib@2.8.1": {
      "integrity": "sha512-oJFu94HQb+KVduSUQL7wnpmqnfmLsOA/nAh6b6EH0wCEoK0/mPeXU6c3wKDV83MkOuHPRHtSXKKU99IBazS/2w=="
    }
  }
}
